
Microsoft Visual Studio Solution File, Format Version 12.00
# Visual Studio Version 16
VisualStudioVersion = 16.0.29905.134
MinimumVisualStudioVersion = 10.0.40219.1
Project("{FAE04EC0-301F-11D3-BF4B-00C04F79EFBC}") = "FirstProgram", "FirstProgram\FirstProgram.csproj", "{0AE5B8C3-FD8A-44E1-865E-8C0E1BD8EEA9}"
EndProject
Project("{FAE04EC0-301F-11D3-BF4B-00C04F79EFBC}") = "TempTokenPOC", "TempTokenPOC\TempTokenPOC.csproj", "{2DB9F4CC-4E44-4885-A35B-5BA0D1E743DB}"
EndProject
Project("{FAE04EC0-301F-11D3-BF4B-00C04F79EFBC}") = "TempTokenPoc1", "TempTokenPoc1\TempTokenPoc1.csproj", "{F2039215-FFBA-4E5B-8CA0-ED1DC82372F2}"
EndProject
Global
	GlobalSection(SolutionConfigurationPlatforms) = preSolution
		Debug|Any CPU = Debug|Any CPU
		Release|Any CPU = Release|Any CPU
	EndGlobalSection
	GlobalSection(ProjectConfigurationPlatforms) = postSolution
		{0AE5B8C3-FD8A-44E1-865E-8C0E1BD8EEA9}.Debug|Any CPU.ActiveCfg = Debug|Any CPU
		{0AE5B8C3-FD8A-44E1-865E-8C0E1BD8EEA9}.Debug|Any CPU.Build.0 = Debug|Any CPU
		{0AE5B8C3-FD8A-44E1-865E-8C0E1BD8EEA9}.Release|Any CPU.ActiveCfg = Release|Any CPU
		{0AE5B8C3-FD8A-44E1-865E-8C0E1BD8EEA9}.Release|Any CPU.Build.0 = Release|Any CPU
		{2DB9F4CC-4E44-4885-A35B-5BA0D1E743DB}.Debug|Any CPU.ActiveCfg = Debug|Any CPU
		{2DB9F4CC-4E44-4885-A35B-5BA0D1E743DB}.Debug|Any CPU.Build.0 = Debug|Any CPU
		{2DB9F4CC-4E44-4885-A35B-5BA0D1E743DB}.Release|Any CPU.ActiveCfg = Release|Any CPU
		{2DB9F4CC-4E44-4885-A35B-5BA0D1E743DB}.Release|Any CPU.Build.0 = Release|Any CPU
		{F2039215-FFBA-4E5B-8CA0-ED1DC82372F2}.Debug|Any CPU.ActiveCfg = Debug|Any CPU
		{F2039215-FFBA-4E5B-8CA0-ED1DC82372F2}.Debug|Any CPU.Build.0 = Debug|Any CPU
		{F2039215-FFBA-4E5B-8CA0-ED1DC82372F2}.Release|Any CPU.ActiveCfg = Release|Any CPU
		{F2039215-FFBA-4E5B-8CA0-ED1DC82372F2}.Release|Any CPU.Build.0 = Release|Any CPU
	EndGlobalSection
	GlobalSection(SolutionProperties) = preSolution
		HideSolutionNode = FALSE
	EndGlobalSection
	GlobalSection(ExtensibilityGlobals) = postSolution
		SolutionGuid = {AA214184-BC98-4E01-9786-82F0F14A87AF}
	EndGlobalSection
EndGlobal
